
Microsoft Visual Studio Solution File, Format Version 12.00
# Visual Studio 15
VisualStudioVersion = 15.0.28010.2016
MinimumVisualStudioVersion = 10.0.40219.1
Project("{FAE04EC0-301F-11D3-BF4B-00C04F79EFBC}") = "WebApplication14", "WebApplication14\WebApplication14.csproj", "{9996576D-5D42-4A8B-A453-3DA3BD122F2C}"
EndProject
Global
	GlobalSection(SolutionConfigurationPlatforms) = preSolution
		Debug|Any CPU = Debug|Any CPU
		Release|Any CPU = Release|Any CPU
	EndGlobalSection
	GlobalSection(ProjectConfigurationPlatforms) = postSolution
		{9996576D-5D42-4A8B-A453-3DA3BD122F2C}.Debug|Any CPU.ActiveCfg = Debug|Any CPU
		{9996576D-5D42-4A8B-A453-3DA3BD122F2C}.Debug|Any CPU.Build.0 = Debug|Any CPU
		{9996576D-5D42-4A8B-A453-3DA3BD122F2C}.Release|Any CPU.ActiveCfg = Release|Any CPU
		{9996576D-5D42-4A8B-A453-3DA3BD122F2C}.Release|Any CPU.Build.0 = Release|Any CPU
	EndGlobalSection
	GlobalSection(SolutionProperties) = preSolution
		HideSolutionNode = FALSE
	EndGlobalSection
	GlobalSection(ExtensibilityGlobals) = postSolution
		SolutionGuid = {A9917CA4-90DA-486D-A862-62DB74F80C08}
	EndGlobalSection
EndGlobal
